
Microsoft Visual Studio Solution File, Format Version 12.00
# Visual Studio Version 17
VisualStudioVersion = 17.10.35027.167
MinimumVisualStudioVersion = 10.0.40219.1
Project("{FAE04EC0-301F-11D3-BF4B-00C04F79EFBC}") = "ModifiedProgram", "ModifiedProgram.csproj", "{4ED90720-DAC9-4937-B09D-97C68366F3A8}"
EndProject
Global
	GlobalSection(SolutionConfigurationPlatforms) = preSolution
		Debug|Any CPU = Debug|Any CPU
		Release|Any CPU = Release|Any CPU
	EndGlobalSection
	GlobalSection(ProjectConfigurationPlatforms) = postSolution
		{4ED90720-DAC9-4937-B09D-97C68366F3A8}.Debug|Any CPU.ActiveCfg = Debug|Any CPU
		{4ED90720-DAC9-4937-B09D-97C68366F3A8}.Debug|Any CPU.Build.0 = Debug|Any CPU
		{4ED90720-DAC9-4937-B09D-97C68366F3A8}.Release|Any CPU.ActiveCfg = Release|Any CPU
		{4ED90720-DAC9-4937-B09D-97C68366F3A8}.Release|Any CPU.Build.0 = Release|Any CPU
	EndGlobalSection
	GlobalSection(SolutionProperties) = preSolution
		HideSolutionNode = FALSE
	EndGlobalSection
	GlobalSection(ExtensibilityGlobals) = postSolution
		SolutionGuid = {06A5E025-3D29-4999-89C1-FFCAAC86327C}
	EndGlobalSection
EndGlobal
